# THIS IS AN AUTOGENERATED FILE. DO NOT EDIT THIS FILE DIRECTLY.
# yarn lockfile v1


almond@~0.3.1:
  version "0.3.3"
  resolved "https://registry.yarnpkg.com/almond/-/almond-0.3.3.tgz#a0e7c95ac7624d6417b4494b1e68bff693168a20"
  integrity sha1-oOfJWsdiTWQXtElLHmi/9pMWiiA=

jquery-mousewheel@~3.1.13:
  version "3.1.13"
  resolved "https://registry.yarnpkg.com/jquery-mousewheel/-/jquery-mousewheel-3.1.13.tgz#06f0335f16e353a695e7206bf50503cb523a6ee5"
  integrity sha1-BvAzXxbjU6aV5yBr9QUDy1I6buU=

moment@2.24.0:
  version "2.24.0"
  resolved "https://registry.yarnpkg.com/moment/-/moment-2.24.0.tgz#0d055d53f5052aa653c9f6eb68bb5d12bf5c2b5b"
  integrity sha512-bV7f+6l2QigeBBZSM/6yTNq4P2fNpSWj/0e7jQcy87A8e7o2nAfP/34/2ky5Vw4B9S446EtIhodAzkFCcR4dQg==

mousetrap@1.6.3:
  version "1.6.3"
  resolved "https://registry.yarnpkg.com/mousetrap/-/mousetrap-1.6.3.tgz#80fee49665fd478bccf072c9d46bdf1bfed3558a"
  integrity sha512-bd+nzwhhs9ifsUrC2tWaSgm24/oo2c83zaRyZQF06hYA6sANfsXHtnZ19AbbbDXCDzeH5nZBSQ4NvCjgD62tJA==

select2@4.0.5:
  version "4.0.5"
  resolved "https://registry.yarnpkg.com/select2/-/select2-4.0.5.tgz#7aac50692561985b34d3b82ec55e226f8960d40a"
  integrity sha1-eqxQaSVhmFs007guxV4ib4lg1Ao=
  dependencies:
    almond "~0.3.1"
    jquery-mousewheel "~3.1.13"
